// !$*UTF8*$!
{
	archiveVersion = 1;
	classes = {
	};
	objectVersion = 50;
	objects = {

/* Begin PBXBuildFile section */
		0411B8BD2159CD1B00936B47 /* sound2.mp3 in Resources */ = {isa = PBXBuildFile; fileRef = 0411B8B92159CD1B00936B47 /* sound2.mp3 */; };
		0411B8BE2159CD1B00936B47 /* sound1.mp3 in Resources */ = {isa = PBXBuildFile; fileRef = 0411B8BA2159CD1B00936B47 /* sound1.mp3 */; };
		0411B8BF2159CD1B00936B47 /* sound4.mp3 in Resources */ = {isa = PBXBuildFile; fileRef = 0411B8BB2159CD1B00936B47 /* sound4.mp3 */; };
		0411B8C02159CD1B00936B47 /* sound3.mp3 in Resources */ = {isa = PBXBuildFile; fileRef = 0411B8BC2159CD1B00936B47 /* sound3.mp3 */; };
		04BE0FA12159CAF200505AB0 /* AppDelegate.swift in Sources */ = {isa = PBXBuildFile; fileRef = 04BE0FA02159CAF200505AB0 /* AppDelegate.swift */; };
		04BE0FA32159CAF200505AB0 /* ViewController.swift in Sources */ = {isa = PBXBuildFile; fileRef = 04BE0FA22159CAF200505AB0 /* ViewController.swift */; };
		04BE0FA52159CAF400505AB0 /* Assets.xcassets in Resources */ = {isa = PBXBuildFile; fileRef = 04BE0FA42159CAF400505AB0 /* Assets.xcassets */; };
		04BE0FA82159CAF400505AB0 /* Main.storyboard in Resources */ = {isa = PBXBuildFile; fileRef = 04BE0FA62159CAF400505AB0 /* Main.storyboard */; };
		04BE0FB12159CB1C00505AB0 /* SoundBoard.swift in Sources */ = {isa = PBXBuildFile; fileRef = 04BE0FB02159CB1C00505AB0 /* SoundBoard.swift */; };
/* End PBXBuildFile section */

/* Begin PBXFileReference section */
		0411B8B92159CD1B00936B47 /* sound2.mp3 */ = {isa = PBXFileReference; lastKnownFileType = audio.mp3; path = sound2.mp3; sourceTree = "<group>"; };
		0411B8BA2159CD1B00936B47 /* sound1.mp3 */ = {isa = PBXFileReference; lastKnownFileType = audio.mp3; path = sound1.mp3; sourceTree = "<group>"; };
		0411B8BB2159CD1B00936B47 /* sound4.mp3 */ = {isa = PBXFileReference; lastKnownFileType = audio.mp3; path = sound4.mp3; sourceTree = "<group>"; };
		0411B8BC2159CD1B00936B47 /* sound3.mp3 */ = {isa = PBXFileReference; lastKnownFileType = audio.mp3; path = sound3.mp3; sourceTree = "<group>"; };
		04BE0F9D2159CAF200505AB0 /* SoundBoard1.app */ = {isa = PBXFileReference; explicitFileType = wrapper.application; includeInIndex = 0; path = SoundBoard1.app; sourceTree = BUILT_PRODUCTS_DIR; };
		04BE0FA02159CAF200505AB0 /* AppDelegate.swift */ = {isa = PBXFileReference; lastKnownFileType = sourcecode.swift; path = AppDelegate.swift; sourceTree = "<group>"; };
		04BE0FA22159CAF200505AB0 /* ViewController.swift */ = {isa = PBXFileReference; lastKnownFileType = sourcecode.swift; path = ViewController.swift; sourceTree = "<group>"; };
		04BE0FA42159CAF400505AB0 /* Assets.xcassets */ = {isa = PBXFileReference; lastKnownFileType = folder.assetcatalog; path = Assets.xcassets; sourceTree = "<group>"; };
		04BE0FA72159CAF400505AB0 /* Base */ = {isa = PBXFileReference; lastKnownFileType = file.storyboard; name = Base; path = Base.lproj/Main.storyboard; sourceTree = "<group>"; };
		04BE0FA92159CAF400505AB0 /* Info.plist */ = {isa = PBXFileReference; lastKnownFileType = text.plist.xml; path = Info.plist; sourceTree = "<group>"; };
		04BE0FAA2159CAF400505AB0 /* SoundBoard1.entitlements */ = {isa = PBXFileReference; lastKnownFileType = text.plist.entitlements; path = SoundBoard1.entitlements; sourceTree = "<group>"; };
		04BE0FB02159CB1C00505AB0 /* SoundBoard.swift */ = {isa = PBXFileReference; lastKnownFileType = sourcecode.swift; path = SoundBoard.swift; sourceTree = "<group>"; };
/* End PBXFileReference section */

/* Begin PBXFrameworksBuildPhase section */
		04BE0F9A2159CAF200505AB0 /* Frameworks */ = {
			isa = PBXFrameworksBuildPhase;
			buildActionMask = 2147483647;
			files = (
			);
			runOnlyForDeploymentPostprocessing = 0;
		};
/* End PBXFrameworksBuildPhase section */

/* Begin PBXGroup section */
		04BE0F942159CAF200505AB0 = {
			isa = PBXGroup;
			children = (
				04BE0F9F2159CAF200505AB0 /* SoundBoard1 */,
				04BE0F9E2159CAF200505AB0 /* Products */,
			);
			sourceTree = "<group>";
		};
		04BE0F9E2159CAF200505AB0 /* Products */ = {
			isa = PBXGroup;
			children = (
				04BE0F9D2159CAF200505AB0 /* SoundBoard1.app */,
			);
			name = Products;
			sourceTree = "<group>";
		};
		04BE0F9F2159CAF200505AB0 /* SoundBoard1 */ = {
			isa = PBXGroup;
			children = (
				04BE0FA02159CAF200505AB0 /* AppDelegate.swift */,
				04BE0FA22159CAF200505AB0 /* ViewController.swift */,
				04BE0FA42159CAF400505AB0 /* Assets.xcassets */,
				04BE0FA62159CAF400505AB0 /* Main.storyboard */,
				04BE0FA92159CAF400505AB0 /* Info.plist */,
				04BE0FAA2159CAF400505AB0 /* SoundBoard1.entitlements */,
				04BE0FB02159CB1C00505AB0 /* SoundBoard.swift */,
				0411B8BA2159CD1B00936B47 /* sound1.mp3 */,
				0411B8B92159CD1B00936B47 /* sound2.mp3 */,
				0411B8BC2159CD1B00936B47 /* sound3.mp3 */,
				0411B8BB2159CD1B00936B47 /* sound4.mp3 */,
			);
			path = SoundBoard1;
			sourceTree = "<group>";
		};
/* End PBXGroup section */

/* Begin PBXNativeTarget section */
		04BE0F9C2159CAF200505AB0 /* SoundBoard1 */ = {
			isa = PBXNativeTarget;
			buildConfigurationList = 04BE0FAD2159CAF400505AB0 /* Build configuration list for PBXNativeTarget "SoundBoard1" */;
			buildPhases = (
				04BE0F992159CAF200505AB0 /* Sources */,
				04BE0F9A2159CAF200505AB0 /* Frameworks */,
				04BE0F9B2159CAF200505AB0 /* Resources */,
			);
			buildRules = (
			);
			dependencies = (
			);
			name = SoundBoard1;
			productName = SoundBoard1;
			productReference = 04BE0F9D2159CAF200505AB0 /* SoundBoard1.app */;
			productType = "com.apple.product-type.application";
		};
/* End PBXNativeTarget section */

/* Begin PBXProject section */
		04BE0F952159CAF200505AB0 /* Project object */ = {
			isa = PBXProject;
			attributes = {
				LastSwiftUpdateCheck = 0940;
				LastUpgradeCheck = 0940;
				ORGANIZATIONNAME = playground;
				TargetAttributes = {
					04BE0F9C2159CAF200505AB0 = {
						CreatedOnToolsVersion = 9.4.1;
					};
				};
			};
			buildConfigurationList = 04BE0F982159CAF200505AB0 /* Build configuration list for PBXProject "SoundBoard1" */;
			compatibilityVersion = "Xcode 9.3";
			developmentRegion = en;
			hasScannedForEncodings = 0;
			knownRegions = (
				en,
				Base,
			);
			mainGroup = 04BE0F942159CAF200505AB0;
			productRefGroup = 04BE0F9E2159CAF200505AB0 /* Products */;
			projectDirPath = "";
			projectRoot = "";
			targets = (
				04BE0F9C2159CAF200505AB0 /* SoundBoard1 */,
			);
		};
/* End PBXProject section */

/* Begin PBXResourcesBuildPhase section */
		04BE0F9B2159CAF200505AB0 /* Resources */ = {
			isa = PBXResourcesBuildPhase;
			buildActionMask = 2147483647;
			files = (
				0411B8C02159CD1B00936B47 /* sound3.mp3 in Resources */,
				0411B8BF2159CD1B00936B47 /* sound4.mp3 in Resources */,
				0411B8BD2159CD1B00936B47 /* sound2.mp3 in Resources */,
				04BE0FA52159CAF400505AB0 /* Assets.xcassets in Resources */,
				0411B8BE2159CD1B00936B47 /* sound1.mp3 in Resources */,
				04BE0FA82159CAF400505AB0 /* Main.storyboard in Resources */,
			);
			runOnlyForDeploymentPostprocessing = 0;
		};
/* End PBXResourcesBuildPhase section */

/* Begin PBXSourcesBuildPhase section */
		04BE0F992159CAF200505AB0 /* Sources */ = {
			isa = PBXSourcesBuildPhase;
			buildActionMask = 2147483647;
			files = (
				04BE0FA32159CAF200505AB0 /* ViewController.swift in Sources */,
				04BE0FA12159CAF200505AB0 /* AppDelegate.swift in Sources */,
				04BE0FB12159CB1C00505AB0 /* SoundBoard.swift in Sources */,
			);
			runOnlyForDeploymentPostprocessing = 0;
		};
/* End PBXSourcesBuildPhase section */

/* Begin PBXVariantGroup section */
		04BE0FA62159CAF400505AB0 /* Main.storyboard */ = {
			isa = PBXVariantGroup;
			children = (
				04BE0FA72159CAF400505AB0 /* Base */,
			);
			name = Main.storyboard;
			sourceTree = "<group>";
		};
/* End PBXVariantGroup section */

/* Begin XCBuildConfiguration section */
		04BE0FAB2159CAF400505AB0 /* Debug */ = {
			isa = XCBuildConfiguration;
			buildSettings = {
				ALWAYS_SEARCH_USER_PATHS = NO;
				CLANG_ANALYZER_NONNULL = YES;
				CLANG_ANALYZER_NUMBER_OBJECT_CONVERSION = YES_AGGRESSIVE;
				CLANG_CXX_LANGUAGE_STANDARD = "gnu++14";
				CLANG_CXX_LIBRARY = "libc++";
				CLANG_ENABLE_MODULES = YES;
				CLANG_ENABLE_OBJC_ARC = YES;
				CLANG_ENABLE_OBJC_WEAK = YES;
				CLANG_WARN_BLOCK_CAPTURE_AUTORELEASING = YES;
				CLANG_WARN_BOOL_CONVERSION = YES;
				CLANG_WARN_COMMA = YES;
				CLANG_WARN_CONSTANT_CONVERSION = YES;
				CLANG_WARN_DEPRECATED_OBJC_IMPLEMENTATIONS = YES;
				CLANG_WARN_DIRECT_OBJC_ISA_USAGE = YES_ERROR;
				CLANG_WARN_DOCUMENTATION_COMMENTS = YES;
				CLANG_WARN_EMPTY_BODY = YES;
				CLANG_WARN_ENUM_CONVERSION = YES;
				CLANG_WARN_INFINITE_RECURSION = YES;
				CLANG_WARN_INT_CONVERSION = YES;
				CLANG_WARN_NON_LITERAL_NULL_CONVERSION = YES;
				CLANG_WARN_OBJC_IMPLICIT_RETAIN_SELF = YES;
				CLANG_WARN_OBJC_LITERAL_CONVERSION = YES;
				CLANG_WARN_OBJC_ROOT_CLASS = YES_ERROR;
				CLANG_WARN_RANGE_LOOP_ANALYSIS = YES;
				CLANG_WARN_STRICT_PROTOTYPES = YES;
				CLANG_WARN_SUSPICIOUS_MOVE = YES;
				CLANG_WARN_UNGUARDED_AVAILABILITY = YES_AGGRESSIVE;
				CLANG_WARN_UNREACHABLE_CODE = YES;
				CLANG_WARN__DUPLICATE_METHOD_MATCH = YES;
				CODE_SIGN_IDENTITY = "Mac Developer";
				COPY_PHASE_STRIP = NO;
				DEBUG_INFORMATION_FORMAT = dwarf;
				ENABLE_STRICT_OBJC_MSGSEND = YES;
				ENABLE_TESTABILITY = YES;
				GCC_C_LANGUAGE_STANDARD = gnu11;
				GCC_DYNAMIC_NO_PIC = NO;
				GCC_NO_COMMON_BLOCKS = YES;
				GCC_OPTIMIZATION_LEVEL = 0;
				GCC_PREPROCESSOR_DEFINITIONS = (
					"DEBUG=1",
					"$(inherited)",
				);
				GCC_WARN_64_TO_32_BIT_CONVERSION = YES;
				GCC_WARN_ABOUT_RETURN_TYPE = YES_ERROR;
				GCC_WARN_UNDECLARED_SELECTOR = YES;
				GCC_WARN_UNINITIALIZED_AUTOS = YES_AGGRESSIVE;
				GCC_WARN_UNUSED_FUNCTION = YES;
				GCC_WARN_UNUSED_VARIABLE = YES;
				MACOSX_DEPLOYMENT_TARGET = 10.13;
				MTL_ENABLE_DEBUG_INFO = YES;
				ONLY_ACTIVE_ARCH = YES;
				SDKROOT = macosx;
				SWIFT_ACTIVE_COMPILATION_CONDITIONS = DEBUG;
				SWIFT_OPTIMIZATION_LEVEL = "-Onone";
			};
			name = Debug;
		};
		04BE0FAC2159CAF400505AB0 /* Release */ = {
			isa = XCBuildConfiguration;
			buildSettings = {
				ALWAYS_SEARCH_USER_PATHS = NO;
				CLANG_ANALYZER_NONNULL = YES;
				CLANG_ANALYZER_NUMBER_OBJECT_CONVERSION = YES_AGGRESSIVE;
				CLANG_CXX_LANGUAGE_STANDARD = "gnu++14";
				CLANG_CXX_LIBRARY = "libc++";
				CLANG_ENABLE_MODULES = YES;
				CLANG_ENABLE_OBJC_ARC = YES;
				CLANG_ENABLE_OBJC_WEAK = YES;
				CLANG_WARN_BLOCK_CAPTURE_AUTORELEASING = YES;
				CLANG_WARN_BOOL_CONVERSION = YES;
				CLANG_WARN_COMMA = YES;
				CLANG_WARN_CONSTANT_CONVERSION = YES;
				CLANG_WARN_DEPRECATED_OBJC_IMPLEMENTATIONS = YES;
				CLANG_WARN_DIRECT_OBJC_ISA_USAGE = YES_ERROR;
				CLANG_WARN_DOCUMENTATION_COMMENTS = YES;
				CLANG_WARN_EMPTY_BODY = YES;
				CLANG_WARN_ENUM_CONVERSION = YES;
				CLANG_WARN_INFINITE_RECURSION = YES;
				CLANG_WARN_INT_CONVERSION = YES;
				CLANG_WARN_NON_LITERAL_NULL_CONVERSION = YES;
				CLANG_WARN_OBJC_IMPLICIT_RETAIN_SELF = YES;
				CLANG_WARN_OBJC_LITERAL_CONVERSION = YES;
				CLANG_WARN_OBJC_ROOT_CLASS = YES_ERROR;
				CLANG_WARN_RANGE_LOOP_ANALYSIS = YES;
				CLANG_WARN_STRICT_PROTOTYPES = YES;
				CLANG_WARN_SUSPICIOUS_MOVE = YES;
				CLANG_WARN_UNGUARDED_AVAILABILITY = YES_AGGRESSIVE;
				CLANG_WARN_UNREACHABLE_CODE = YES;
				CLANG_WARN__DUPLICATE_METHOD_MATCH = YES;
				CODE_SIGN_IDENTITY = "Mac Developer";
				COPY_PHASE_STRIP = NO;
				DEBUG_INFORMATION_FORMAT = "dwarf-with-dsym";
				ENABLE_NS_ASSERTIONS = NO;
				ENABLE_STRICT_OBJC_MSGSEND = YES;
				GCC_C_LANGUAGE_STANDARD = gnu11;
				GCC_NO_COMMON_BLOCKS = YES;
				GCC_WARN_64_TO_32_BIT_CONVERSION = YES;
				GCC_WARN_ABOUT_RETURN_TYPE = YES_ERROR;
				GCC_WARN_UNDECLARED_SELECTOR = YES;
				GCC_WARN_UNINITIALIZED_AUTOS = YES_AGGRESSIVE;
				GCC_WARN_UNUSED_FUNCTION = YES;
				GCC_WARN_UNUSED_VARIABLE = YES;
				MACOSX_DEPLOYMENT_TARGET = 10.13;
				MTL_ENABLE_DEBUG_INFO = NO;
				SDKROOT = macosx;
				SWIFT_COMPILATION_MODE = wholemodule;
				SWIFT_OPTIMIZATION_LEVEL = "-O";
			};
			name = Release;
		};
		04BE0FAE2159CAF400505AB0 /* Debug */ = {
			isa = XCBuildConfiguration;
			buildSettings = {
				ASSETCATALOG_COMPILER_APPICON_NAME = AppIcon;
				CODE_SIGN_ENTITLEMENTS = SoundBoard1/SoundBoard1.entitlements;
				CODE_SIGN_STYLE = Automatic;
				COMBINE_HIDPI_IMAGES = YES;
				DEVELOPMENT_TEAM = H5TS862S5G;
				INFOPLIST_FILE = SoundBoard1/Info.plist;
				LD_RUNPATH_SEARCH_PATHS = (
					"$(inherited)",
					"@executable_path/../Frameworks",
				);
				PRODUCT_BUNDLE_IDENTIFIER = com.playground.SoundBoard1;
				PRODUCT_NAME = "$(TARGET_NAME)";
				SWIFT_VERSION = 4.0;
			};
			name = Debug;
		};
		04BE0FAF2159CAF400505AB0 /* Release */ = {
			isa = XCBuildConfiguration;
			buildSettings = {
				ASSETCATALOG_COMPILER_APPICON_NAME = AppIcon;
				CODE_SIGN_ENTITLEMENTS = SoundBoard1/SoundBoard1.entitlements;
				CODE_SIGN_STYLE = Automatic;
				COMBINE_HIDPI_IMAGES = YES;
				DEVELOPMENT_TEAM = H5TS862S5G;
				INFOPLIST_FILE = SoundBoard1/Info.plist;
				LD_RUNPATH_SEARCH_PATHS = (
					"$(inherited)",
					"@executable_path/../Frameworks",
				);
				PRODUCT_BUNDLE_IDENTIFIER = com.playground.SoundBoard1;
				PRODUCT_NAME = "$(TARGET_NAME)";
				SWIFT_VERSION = 4.0;
			};
			name = Release;
		};
/* End XCBuildConfiguration section */

/* Begin XCConfigurationList section */
		04BE0F982159CAF200505AB0 /* Build configuration list for PBXProject "SoundBoard1" */ = {
			isa = XCConfigurationList;
			buildConfigurations = (
				04BE0FAB2159CAF400505AB0 /* Debug */,
				04BE0FAC2159CAF400505AB0 /* Release */,
			);
			defaultConfigurationIsVisible = 0;
			defaultConfigurationName = Release;
		};
		04BE0FAD2159CAF400505AB0 /* Build configuration list for PBXNativeTarget "SoundBoard1" */ = {
			isa = XCConfigurationList;
			buildConfigurations = (
				04BE0FAE2159CAF400505AB0 /* Debug */,
				04BE0FAF2159CAF400505AB0 /* Release */,
			);
			defaultConfigurationIsVisible = 0;
			defaultConfigurationName = Release;
		};
/* End XCConfigurationList section */
	};
	rootObject = 04BE0F952159CAF200505AB0 /* Project object */;
}
